{
  "name": "bottom-sheet",
  "version": "0.0.0-alpha.1",
  "lockfileVersion": 1,
  "requires": true,
  "dependencies": {
    "@popmotion/easing": {
      "version": "1.0.1",
      "resolved": "https://registry.npmjs.org/@popmotion/easing/-/easing-1.0.1.tgz",
      "integrity": "sha512-NbIEz9mZAem0F0sjg2v57LbU9Y2Xc50QEX434jYrwEQzXJuJipyUV48Qz4hjHqbB/8xiUj0JMQfRvP8K9nUbxg=="
    },
    "@popmotion/popcorn": {
      "version": "0.3.1",
      "resolved": "https://registry.npmjs.org/@popmotion/popcorn/-/popcorn-0.3.1.tgz",
      "integrity": "sha512-TRhDPxfzM4CrUff2ELyzDj6xSEp5fcmbnrTO0VkmrN/TxJrAzP2H/VfIDRQQy82Yn65Vwn1ohrIi8eZLqzrCMA==",
      "requires": {
        "@popmotion/easing": "^1.0.1",
        "framesync": "^4.0.1",
        "hey-listen": "^1.0.5",
        "style-value-types": "^3.0.7"
      }
    },
    "@stencil/core": {
      "version": "1.3.3",
      "resolved": "https://registry.npmjs.org/@stencil/core/-/core-1.3.3.tgz",
      "integrity": "sha512-/vRzeXlWvkvP9RUS11KhCa/tGYvP5DfX4O+nrEji5bp0/4+r7rJ2s7/znCaiJt98ft58bs2bMka5ALbP3xnQUg==",
      "dev": true,
      "requires": {
        "typescript": "3.5.3"
      }
    },
    "body-scroll-lock": {
      "version": "2.6.1",
      "resolved": "https://registry.npmjs.org/body-scroll-lock/-/body-scroll-lock-2.6.1.tgz",
      "integrity": "sha512-fsDsq10+BJrk/+eGADqxspyZpGiKSh3dK8ByE6KuDK0REmPB99U05p1t9xVTAM9J6j9PJGm6W/W+HsCPnOFj+Q=="
    },
    "framesync": {
      "version": "4.0.2",
      "resolved": "https://registry.npmjs.org/framesync/-/framesync-4.0.2.tgz",
      "integrity": "sha512-hQLD5NURHmzB4Symo6JJ5HDw2TWwhr6T3gw9aChNMsZvkxcD8U8Gcz/hllAOOMGE+HO3ScpRPahpXDQRgF19JQ==",
      "requires": {
        "hey-listen": "^1.0.5"
      }
    },
    "hey-listen": {
      "version": "1.0.5",
      "resolved": "https://registry.npmjs.org/hey-listen/-/hey-listen-1.0.5.tgz",
      "integrity": "sha512-O2iCNxBBGb4hOxL9tUdnoPwDYmZhQ29t5xKV74BVZNdvwCDXCpVYTJ4yoaibc1V0I8Yw3K3nwmvDpoyjnCqUaw=="
    },
    "popmotion": {
      "version": "8.6.2",
      "resolved": "https://registry.npmjs.org/popmotion/-/popmotion-8.6.2.tgz",
      "integrity": "sha512-t4kb78sl/gETCdnBKPguVYbL/BfBjax0Z7CQXMV9mEaxmBvIODCcJ2lPn8S0AAQS/bHYekA8TxMszwCF6NAcAA==",
      "requires": {
        "@popmotion/easing": "^1.0.1",
        "@popmotion/popcorn": "^0.3.0",
        "framesync": "^4.0.0",
        "hey-listen": "^1.0.5",
        "style-value-types": "^3.0.6",
        "stylefire": "^2.3.4",
        "tslib": "^1.9.1"
      }
    },
    "style-value-types": {
      "version": "3.0.7",
      "resolved": "https://registry.npmjs.org/style-value-types/-/style-value-types-3.0.7.tgz",
      "integrity": "sha512-7vzeicDiPNnJjvTYfJbQhZ7P3OCkXfvkJOJQ+ifFnXNTA/7KBxMZacHLvlRjM5/TtXbVdrZE6u+2nzSUSPrbSQ=="
    },
    "stylefire": {
      "version": "2.4.0",
      "resolved": "https://registry.npmjs.org/stylefire/-/stylefire-2.4.0.tgz",
      "integrity": "sha512-soSvx0Xc4If/8EGmU/HrE0HHOOzQ+JEEyhj1xJFfOx5PCIy19veoN588e2QGJfOZJYJeAYQx/YzofbzWCAi6DA==",
      "requires": {
        "framesync": "^4.0.0",
        "hey-listen": "^1.0.4",
        "style-value-types": "^3.0.6"
      }
    },
    "tslib": {
      "version": "1.9.3",
      "resolved": "https://registry.npmjs.org/tslib/-/tslib-1.9.3.tgz",
      "integrity": "sha512-4krF8scpejhaOgqzBEcGM7yDIEfi0/8+8zDRZhNZZ2kjmHJ4hv3zCbQWxoJGz1iw5U0Jl0nma13xzHXcncMavQ=="
    },
    "typescript": {
      "version": "3.5.3",
      "resolved": "https://registry.npmjs.org/typescript/-/typescript-3.5.3.tgz",
      "integrity": "sha512-ACzBtm/PhXBDId6a6sDJfroT2pOWt/oOnk4/dElG5G33ZL776N3Y6/6bKZJBFpd+b05F3Ct9qDjMeJmRWtE2/g==",
      "dev": true
    }
  }
}
