{
  "name": "bottom-sheet",
  "version": "0.0.0-alpha.1",
  "lockfileVersion": 1,
  "requires": true,
  "dependencies": {
    "@popmotion/easing": {
      "version": "1.0.2",
      "resolved": "https://registry.npmjs.org/@popmotion/easing/-/easing-1.0.2.tgz",
      "integrity": "sha512-IkdW0TNmRnWTeWI7aGQIVDbKXPWHVEYdGgd5ZR4SH/Ty/61p63jCjrPxX1XrR7IGkl08bjhJROStD7j+RKgoIw=="
    },
    "@popmotion/popcorn": {
      "version": "0.4.2",
      "resolved": "https://registry.npmjs.org/@popmotion/popcorn/-/popcorn-0.4.2.tgz",
      "integrity": "sha512-wu0tEwK3KUZ9BoqfcqC3DfdfRDws/oHXwZKJMVtuhXSrF/PtqvilsPjAk93nh8M+orAnbe8ZyxQmop9+4oJs2g==",
      "requires": {
        "@popmotion/easing": "^1.0.1",
        "framesync": "^4.0.1",
        "hey-listen": "^1.0.8",
        "style-value-types": "^3.1.6"
      }
    },
    "@stencil/core": {
      "version": "1.7.4",
      "resolved": "https://registry.npmjs.org/@stencil/core/-/core-1.7.4.tgz",
      "integrity": "sha512-9Ges/ttTIB9jka59cWQcVR40G2I4jM1KPtv+wB5yEnQwaPQucURklfaodkuqYMq0zvI9e0da/Tvg/7Ydss4Hpg==",
      "dev": true,
      "requires": {
        "typescript": "3.6.3"
      }
    },
    "body-scroll-lock": {
      "version": "2.6.4",
      "resolved": "https://registry.npmjs.org/body-scroll-lock/-/body-scroll-lock-2.6.4.tgz",
      "integrity": "sha512-NP08WsovlmxEoZP9pdlqrE+AhNaivlTrz9a0FF37BQsnOrpN48eNqivKkE7SYpM9N+YIPjsdVzfLAUQDBm6OQw=="
    },
    "framesync": {
      "version": "4.0.4",
      "resolved": "https://registry.npmjs.org/framesync/-/framesync-4.0.4.tgz",
      "integrity": "sha512-mdP0WvVHe0/qA62KG2LFUAOiWLng5GLpscRlwzBxu2VXOp6B8hNs5C5XlFigsMgrfDrr2YbqTsgdWZTc4RXRMQ==",
      "requires": {
        "hey-listen": "^1.0.8",
        "tslib": "^1.10.0"
      }
    },
    "hey-listen": {
      "version": "1.0.8",
      "resolved": "https://registry.npmjs.org/hey-listen/-/hey-listen-1.0.8.tgz",
      "integrity": "sha512-COpmrF2NOg4TBWUJ5UVyaCU2A88wEMkUPK4hNqyCkqHbxT92BbvfjoSozkAIIm6XhicGlJHhFdullInrdhwU8Q=="
    },
    "popmotion": {
      "version": "8.7.0",
      "resolved": "https://registry.npmjs.org/popmotion/-/popmotion-8.7.0.tgz",
      "integrity": "sha512-RnJMbWN+TEBT0tgG+3WS0O1i9LAq+senXSAcKw+srGviT1c9G+iKUXrp24D2w6Og0mDd61rEfKz3pFrFCdKn5Q==",
      "requires": {
        "@popmotion/easing": "^1.0.1",
        "@popmotion/popcorn": "^0.4.0",
        "framesync": "^4.0.0",
        "hey-listen": "^1.0.5",
        "style-value-types": "^3.1.4",
        "stylefire": "^4.1.3",
        "tslib": "^1.9.1"
      }
    },
    "style-value-types": {
      "version": "3.1.6",
      "resolved": "https://registry.npmjs.org/style-value-types/-/style-value-types-3.1.6.tgz",
      "integrity": "sha512-AxcfUr/06AHyyyxkNB1O8ypvwa8/qK+sxwelxEN5x+jxW+RXutRE2TuHEQbFq9OBY7ym83CPKvVIsGd6lvKb0Q==",
      "requires": {
        "hey-listen": "^1.0.8"
      }
    },
    "stylefire": {
      "version": "4.1.4",
      "resolved": "https://registry.npmjs.org/stylefire/-/stylefire-4.1.4.tgz",
      "integrity": "sha512-bp9nNTTFHdIQp/4szBuF2z85rMAq5oySeAHdpNgPTcVlXDrwsi1FjjOLug/4+yx1p8eMFFGrkAex7b5/M95ivg==",
      "requires": {
        "@popmotion/popcorn": "^0.4.0",
        "framesync": "^4.0.0",
        "hey-listen": "^1.0.8",
        "style-value-types": "^3.1.4"
      }
    },
    "tslib": {
      "version": "1.10.0",
      "resolved": "https://registry.npmjs.org/tslib/-/tslib-1.10.0.tgz",
      "integrity": "sha512-qOebF53frne81cf0S9B41ByenJ3/IuH8yJKngAX35CmiZySA0khhkovshKK+jGCaMnVomla7gVlIcc3EvKPbTQ=="
    },
    "typescript": {
      "version": "3.6.3",
      "resolved": "https://registry.npmjs.org/typescript/-/typescript-3.6.3.tgz",
      "integrity": "sha512-N7bceJL1CtRQ2RiG0AQME13ksR7DiuQh/QehubYcghzv20tnh+MQnQIuJddTmsbqYj+dztchykemz0zFzlvdQw==",
      "dev": true
    }
  }
}
